// !$*UTF8*$!
{
	archiveVersion = 1;
	classes = {
	};
	objectVersion = 46;
	objects = {

/* Begin PBXBuildFile section */
		55C8390F1F31C9C70071F9B9 /* AppDelegate.swift in Sources */ = {isa = PBXBuildFile; fileRef = 55C8390E1F31C9C70071F9B9 /* AppDelegate.swift */; };
		55C839111F31C9C70071F9B9 /* ViewController.swift in Sources */ = {isa = PBXBuildFile; fileRef = 55C839101F31C9C70071F9B9 /* ViewController.swift */; };
		55C839141F31C9C70071F9B9 /* Main.storyboard in Resources */ = {isa = PBXBuildFile; fileRef = 55C839121F31C9C70071F9B9 /* Main.storyboard */; };
		55C839161F31C9C70071F9B9 /* Assets.xcassets in Resources */ = {isa = PBXBuildFile; fileRef = 55C839151F31C9C70071F9B9 /* Assets.xcassets */; };
		55C839191F31C9C70071F9B9 /* LaunchScreen.storyboard in Resources */ = {isa = PBXBuildFile; fileRef = 55C839171F31C9C70071F9B9 /* LaunchScreen.storyboard */; };
		55C839241F31C9C70071F9B9 /* PickersUITests.swift in Sources */ = {isa = PBXBuildFile; fileRef = 55C839231F31C9C70071F9B9 /* PickersUITests.swift */; };
		55C8392F1F31CAFA0071F9B9 /* DatePickerViewController.swift in Sources */ = {isa = PBXBuildFile; fileRef = 55C8392E1F31CAFA0071F9B9 /* DatePickerViewController.swift */; };
		55C839311F31CB2F0071F9B9 /* SingleComponentPickerViewController.swift in Sources */ = {isa = PBXBuildFile; fileRef = 55C839301F31CB2F0071F9B9 /* SingleComponentPickerViewController.swift */; };
		55C839331F31CB420071F9B9 /* DoubleComponentPickerViewController.swift in Sources */ = {isa = PBXBuildFile; fileRef = 55C839321F31CB420071F9B9 /* DoubleComponentPickerViewController.swift */; };
		55C839351F31CB610071F9B9 /* DependentComponentPickerViewController.swift in Sources */ = {isa = PBXBuildFile; fileRef = 55C839341F31CB610071F9B9 /* DependentComponentPickerViewController.swift */; };
		55C839371F31CB710071F9B9 /* CutomPickerViewController.swift in Sources */ = {isa = PBXBuildFile; fileRef = 55C839361F31CB710071F9B9 /* CutomPickerViewController.swift */; };
/* End PBXBuildFile section */

/* Begin PBXContainerItemProxy section */
		55C839201F31C9C70071F9B9 /* PBXContainerItemProxy */ = {
			isa = PBXContainerItemProxy;
			containerPortal = 55C839031F31C9C70071F9B9 /* Project object */;
			proxyType = 1;
			remoteGlobalIDString = 55C8390A1F31C9C70071F9B9;
			remoteInfo = Pickers;
		};
/* End PBXContainerItemProxy section */

/* Begin PBXFileReference section */
		55C8390B1F31C9C70071F9B9 /* Pickers.app */ = {isa = PBXFileReference; explicitFileType = wrapper.application; includeInIndex = 0; path = Pickers.app; sourceTree = BUILT_PRODUCTS_DIR; };
		55C8390E1F31C9C70071F9B9 /* AppDelegate.swift */ = {isa = PBXFileReference; lastKnownFileType = sourcecode.swift; path = AppDelegate.swift; sourceTree = "<group>"; };
		55C839101F31C9C70071F9B9 /* ViewController.swift */ = {isa = PBXFileReference; lastKnownFileType = sourcecode.swift; path = ViewController.swift; sourceTree = "<group>"; };
		55C839131F31C9C70071F9B9 /* Base */ = {isa = PBXFileReference; lastKnownFileType = file.storyboard; name = Base; path = Base.lproj/Main.storyboard; sourceTree = "<group>"; };
		55C839151F31C9C70071F9B9 /* Assets.xcassets */ = {isa = PBXFileReference; lastKnownFileType = folder.assetcatalog; path = Assets.xcassets; sourceTree = "<group>"; };
		55C839181F31C9C70071F9B9 /* Base */ = {isa = PBXFileReference; lastKnownFileType = file.storyboard; name = Base; path = Base.lproj/LaunchScreen.storyboard; sourceTree = "<group>"; };
		55C8391A1F31C9C70071F9B9 /* Info.plist */ = {isa = PBXFileReference; lastKnownFileType = text.plist.xml; path = Info.plist; sourceTree = "<group>"; };
		55C8391F1F31C9C70071F9B9 /* PickersUITests.xctest */ = {isa = PBXFileReference; explicitFileType = wrapper.cfbundle; includeInIndex = 0; path = PickersUITests.xctest; sourceTree = BUILT_PRODUCTS_DIR; };
		55C839231F31C9C70071F9B9 /* PickersUITests.swift */ = {isa = PBXFileReference; lastKnownFileType = sourcecode.swift; path = PickersUITests.swift; sourceTree = "<group>"; };
		55C839251F31C9C70071F9B9 /* Info.plist */ = {isa = PBXFileReference; lastKnownFileType = text.plist.xml; path = Info.plist; sourceTree = "<group>"; };
		55C8392E1F31CAFA0071F9B9 /* DatePickerViewController.swift */ = {isa = PBXFileReference; fileEncoding = 4; lastKnownFileType = sourcecode.swift; path = DatePickerViewController.swift; sourceTree = "<group>"; };
		55C839301F31CB2F0071F9B9 /* SingleComponentPickerViewController.swift */ = {isa = PBXFileReference; fileEncoding = 4; lastKnownFileType = sourcecode.swift; path = SingleComponentPickerViewController.swift; sourceTree = "<group>"; };
		55C839321F31CB420071F9B9 /* DoubleComponentPickerViewController.swift */ = {isa = PBXFileReference; fileEncoding = 4; lastKnownFileType = sourcecode.swift; path = DoubleComponentPickerViewController.swift; sourceTree = "<group>"; };
		55C839341F31CB610071F9B9 /* DependentComponentPickerViewController.swift */ = {isa = PBXFileReference; fileEncoding = 4; lastKnownFileType = sourcecode.swift; path = DependentComponentPickerViewController.swift; sourceTree = "<group>"; };
		55C839361F31CB710071F9B9 /* CutomPickerViewController.swift */ = {isa = PBXFileReference; fileEncoding = 4; lastKnownFileType = sourcecode.swift; path = CutomPickerViewController.swift; sourceTree = "<group>"; };
/* End PBXFileReference section */

/* Begin PBXFrameworksBuildPhase section */
		55C839081F31C9C70071F9B9 /* Frameworks */ = {
			isa = PBXFrameworksBuildPhase;
			buildActionMask = 2147483647;
			files = (
			);
			runOnlyForDeploymentPostprocessing = 0;
		};
		55C8391C1F31C9C70071F9B9 /* Frameworks */ = {
			isa = PBXFrameworksBuildPhase;
			buildActionMask = 2147483647;
			files = (
			);
			runOnlyForDeploymentPostprocessing = 0;
		};
/* End PBXFrameworksBuildPhase section */

/* Begin PBXGroup section */
		55C839021F31C9C70071F9B9 = {
			isa = PBXGroup;
			children = (
				55C8390D1F31C9C70071F9B9 /* Pickers */,
				55C839221F31C9C70071F9B9 /* PickersUITests */,
				55C8390C1F31C9C70071F9B9 /* Products */,
			);
			sourceTree = "<group>";
		};
		55C8390C1F31C9C70071F9B9 /* Products */ = {
			isa = PBXGroup;
			children = (
				55C8390B1F31C9C70071F9B9 /* Pickers.app */,
				55C8391F1F31C9C70071F9B9 /* PickersUITests.xctest */,
			);
			name = Products;
			sourceTree = "<group>";
		};
		55C8390D1F31C9C70071F9B9 /* Pickers */ = {
			isa = PBXGroup;
			children = (
				55C8390E1F31C9C70071F9B9 /* AppDelegate.swift */,
				55C839101F31C9C70071F9B9 /* ViewController.swift */,
				55C839121F31C9C70071F9B9 /* Main.storyboard */,
				55C839151F31C9C70071F9B9 /* Assets.xcassets */,
				55C839171F31C9C70071F9B9 /* LaunchScreen.storyboard */,
				55C8391A1F31C9C70071F9B9 /* Info.plist */,
				55C8392E1F31CAFA0071F9B9 /* DatePickerViewController.swift */,
				55C839301F31CB2F0071F9B9 /* SingleComponentPickerViewController.swift */,
				55C839321F31CB420071F9B9 /* DoubleComponentPickerViewController.swift */,
				55C839341F31CB610071F9B9 /* DependentComponentPickerViewController.swift */,
				55C839361F31CB710071F9B9 /* CutomPickerViewController.swift */,
			);
			path = Pickers;
			sourceTree = "<group>";
		};
		55C839221F31C9C70071F9B9 /* PickersUITests */ = {
			isa = PBXGroup;
			children = (
				55C839231F31C9C70071F9B9 /* PickersUITests.swift */,
				55C839251F31C9C70071F9B9 /* Info.plist */,
			);
			path = PickersUITests;
			sourceTree = "<group>";
		};
/* End PBXGroup section */

/* Begin PBXNativeTarget section */
		55C8390A1F31C9C70071F9B9 /* Pickers */ = {
			isa = PBXNativeTarget;
			buildConfigurationList = 55C839281F31C9C70071F9B9 /* Build configuration list for PBXNativeTarget "Pickers" */;
			buildPhases = (
				55C839071F31C9C70071F9B9 /* Sources */,
				55C839081F31C9C70071F9B9 /* Frameworks */,
				55C839091F31C9C70071F9B9 /* Resources */,
			);
			buildRules = (
			);
			dependencies = (
			);
			name = Pickers;
			productName = Pickers;
			productReference = 55C8390B1F31C9C70071F9B9 /* Pickers.app */;
			productType = "com.apple.product-type.application";
		};
		55C8391E1F31C9C70071F9B9 /* PickersUITests */ = {
			isa = PBXNativeTarget;
			buildConfigurationList = 55C8392B1F31C9C70071F9B9 /* Build configuration list for PBXNativeTarget "PickersUITests" */;
			buildPhases = (
				55C8391B1F31C9C70071F9B9 /* Sources */,
				55C8391C1F31C9C70071F9B9 /* Frameworks */,
				55C8391D1F31C9C70071F9B9 /* Resources */,
			);
			buildRules = (
			);
			dependencies = (
				55C839211F31C9C70071F9B9 /* PBXTargetDependency */,
			);
			name = PickersUITests;
			productName = PickersUITests;
			productReference = 55C8391F1F31C9C70071F9B9 /* PickersUITests.xctest */;
			productType = "com.apple.product-type.bundle.ui-testing";
		};
/* End PBXNativeTarget section */

/* Begin PBXProject section */
		55C839031F31C9C70071F9B9 /* Project object */ = {
			isa = PBXProject;
			attributes = {
				LastSwiftUpdateCheck = 0830;
				LastUpgradeCheck = 0830;
				ORGANIZATIONNAME = "Vladimir Rybalka";
				TargetAttributes = {
					55C8390A1F31C9C70071F9B9 = {
						CreatedOnToolsVersion = 8.3.3;
						ProvisioningStyle = Automatic;
					};
					55C8391E1F31C9C70071F9B9 = {
						CreatedOnToolsVersion = 8.3.3;
						ProvisioningStyle = Automatic;
						TestTargetID = 55C8390A1F31C9C70071F9B9;
					};
				};
			};
			buildConfigurationList = 55C839061F31C9C70071F9B9 /* Build configuration list for PBXProject "Pickers" */;
			compatibilityVersion = "Xcode 3.2";
			developmentRegion = English;
			hasScannedForEncodings = 0;
			knownRegions = (
				en,
				Base,
			);
			mainGroup = 55C839021F31C9C70071F9B9;
			productRefGroup = 55C8390C1F31C9C70071F9B9 /* Products */;
			projectDirPath = "";
			projectRoot = "";
			targets = (
				55C8390A1F31C9C70071F9B9 /* Pickers */,
				55C8391E1F31C9C70071F9B9 /* PickersUITests */,
			);
		};
/* End PBXProject section */

/* Begin PBXResourcesBuildPhase section */
		55C839091F31C9C70071F9B9 /* Resources */ = {
			isa = PBXResourcesBuildPhase;
			buildActionMask = 2147483647;
			files = (
				55C839191F31C9C70071F9B9 /* LaunchScreen.storyboard in Resources */,
				55C839161F31C9C70071F9B9 /* Assets.xcassets in Resources */,
				55C839141F31C9C70071F9B9 /* Main.storyboard in Resources */,
			);
			runOnlyForDeploymentPostprocessing = 0;
		};
		55C8391D1F31C9C70071F9B9 /* Resources */ = {
			isa = PBXResourcesBuildPhase;
			buildActionMask = 2147483647;
			files = (
			);
			runOnlyForDeploymentPostprocessing = 0;
		};
/* End PBXResourcesBuildPhase section */

/* Begin PBXSourcesBuildPhase section */
		55C839071F31C9C70071F9B9 /* Sources */ = {
			isa = PBXSourcesBuildPhase;
			buildActionMask = 2147483647;
			files = (
				55C839111F31C9C70071F9B9 /* ViewController.swift in Sources */,
				55C839371F31CB710071F9B9 /* CutomPickerViewController.swift in Sources */,
				55C8390F1F31C9C70071F9B9 /* AppDelegate.swift in Sources */,
				55C839351F31CB610071F9B9 /* DependentComponentPickerViewController.swift in Sources */,
				55C839331F31CB420071F9B9 /* DoubleComponentPickerViewController.swift in Sources */,
				55C839311F31CB2F0071F9B9 /* SingleComponentPickerViewController.swift in Sources */,
				55C8392F1F31CAFA0071F9B9 /* DatePickerViewController.swift in Sources */,
			);
			runOnlyForDeploymentPostprocessing = 0;
		};
		55C8391B1F31C9C70071F9B9 /* Sources */ = {
			isa = PBXSourcesBuildPhase;
			buildActionMask = 2147483647;
			files = (
				55C839241F31C9C70071F9B9 /* PickersUITests.swift in Sources */,
			);
			runOnlyForDeploymentPostprocessing = 0;
		};
/* End PBXSourcesBuildPhase section */

/* Begin PBXTargetDependency section */
		55C839211F31C9C70071F9B9 /* PBXTargetDependency */ = {
			isa = PBXTargetDependency;
			target = 55C8390A1F31C9C70071F9B9 /* Pickers */;
			targetProxy = 55C839201F31C9C70071F9B9 /* PBXContainerItemProxy */;
		};
/* End PBXTargetDependency section */

/* Begin PBXVariantGroup section */
		55C839121F31C9C70071F9B9 /* Main.storyboard */ = {
			isa = PBXVariantGroup;
			children = (
				55C839131F31C9C70071F9B9 /* Base */,
			);
			name = Main.storyboard;
			sourceTree = "<group>";
		};
		55C839171F31C9C70071F9B9 /* LaunchScreen.storyboard */ = {
			isa = PBXVariantGroup;
			children = (
				55C839181F31C9C70071F9B9 /* Base */,
			);
			name = LaunchScreen.storyboard;
			sourceTree = "<group>";
		};
/* End PBXVariantGroup section */

/* Begin XCBuildConfiguration section */
		55C839261F31C9C70071F9B9 /* Debug */ = {
			isa = XCBuildConfiguration;
			buildSettings = {
				ALWAYS_SEARCH_USER_PATHS = NO;
				CLANG_ANALYZER_NONNULL = YES;
				CLANG_ANALYZER_NUMBER_OBJECT_CONVERSION = YES_AGGRESSIVE;
				CLANG_CXX_LANGUAGE_STANDARD = "gnu++0x";
				CLANG_CXX_LIBRARY = "libc++";
				CLANG_ENABLE_MODULES = YES;
				CLANG_ENABLE_OBJC_ARC = YES;
				CLANG_WARN_BOOL_CONVERSION = YES;
				CLANG_WARN_CONSTANT_CONVERSION = YES;
				CLANG_WARN_DIRECT_OBJC_ISA_USAGE = YES_ERROR;
				CLANG_WARN_DOCUMENTATION_COMMENTS = YES;
				CLANG_WARN_EMPTY_BODY = YES;
				CLANG_WARN_ENUM_CONVERSION = YES;
				CLANG_WARN_INFINITE_RECURSION = YES;
				CLANG_WARN_INT_CONVERSION = YES;
				CLANG_WARN_OBJC_ROOT_CLASS = YES_ERROR;
				CLANG_WARN_SUSPICIOUS_MOVE = YES;
				CLANG_WARN_UNREACHABLE_CODE = YES;
				CLANG_WARN__DUPLICATE_METHOD_MATCH = YES;
				"CODE_SIGN_IDENTITY[sdk=iphoneos*]" = "iPhone Developer";
				COPY_PHASE_STRIP = NO;
				DEBUG_INFORMATION_FORMAT = dwarf;
				ENABLE_STRICT_OBJC_MSGSEND = YES;
				ENABLE_TESTABILITY = YES;
				GCC_C_LANGUAGE_STANDARD = gnu99;
				GCC_DYNAMIC_NO_PIC = NO;
				GCC_NO_COMMON_BLOCKS = YES;
				GCC_OPTIMIZATION_LEVEL = 0;
				GCC_PREPROCESSOR_DEFINITIONS = (
					"DEBUG=1",
					"$(inherited)",
				);
				GCC_WARN_64_TO_32_BIT_CONVERSION = YES;
				GCC_WARN_ABOUT_RETURN_TYPE = YES_ERROR;
				GCC_WARN_UNDECLARED_SELECTOR = YES;
				GCC_WARN_UNINITIALIZED_AUTOS = YES_AGGRESSIVE;
				GCC_WARN_UNUSED_FUNCTION = YES;
				GCC_WARN_UNUSED_VARIABLE = YES;
				IPHONEOS_DEPLOYMENT_TARGET = 10.3;
				MTL_ENABLE_DEBUG_INFO = YES;
				ONLY_ACTIVE_ARCH = YES;
				SDKROOT = iphoneos;
				SWIFT_ACTIVE_COMPILATION_CONDITIONS = DEBUG;
				SWIFT_OPTIMIZATION_LEVEL = "-Onone";
				TARGETED_DEVICE_FAMILY = "1,2";
			};
			name = Debug;
		};
		55C839271F31C9C70071F9B9 /* Release */ = {
			isa = XCBuildConfiguration;
			buildSettings = {
				ALWAYS_SEARCH_USER_PATHS = NO;
				CLANG_ANALYZER_NONNULL = YES;
				CLANG_ANALYZER_NUMBER_OBJECT_CONVERSION = YES_AGGRESSIVE;
				CLANG_CXX_LANGUAGE_STANDARD = "gnu++0x";
				CLANG_CXX_LIBRARY = "libc++";
				CLANG_ENABLE_MODULES = YES;
				CLANG_ENABLE_OBJC_ARC = YES;
				CLANG_WARN_BOOL_CONVERSION = YES;
				CLANG_WARN_CONSTANT_CONVERSION = YES;
				CLANG_WARN_DIRECT_OBJC_ISA_USAGE = YES_ERROR;
				CLANG_WARN_DOCUMENTATION_COMMENTS = YES;
				CLANG_WARN_EMPTY_BODY = YES;
				CLANG_WARN_ENUM_CONVERSION = YES;
				CLANG_WARN_INFINITE_RECURSION = YES;
				CLANG_WARN_INT_CONVERSION = YES;
				CLANG_WARN_OBJC_ROOT_CLASS = YES_ERROR;
				CLANG_WARN_SUSPICIOUS_MOVE = YES;
				CLANG_WARN_UNREACHABLE_CODE = YES;
				CLANG_WARN__DUPLICATE_METHOD_MATCH = YES;
				"CODE_SIGN_IDENTITY[sdk=iphoneos*]" = "iPhone Developer";
				COPY_PHASE_STRIP = NO;
				DEBUG_INFORMATION_FORMAT = "dwarf-with-dsym";
				ENABLE_NS_ASSERTIONS = NO;
				ENABLE_STRICT_OBJC_MSGSEND = YES;
				GCC_C_LANGUAGE_STANDARD = gnu99;
				GCC_NO_COMMON_BLOCKS = YES;
				GCC_WARN_64_TO_32_BIT_CONVERSION = YES;
				GCC_WARN_ABOUT_RETURN_TYPE = YES_ERROR;
				GCC_WARN_UNDECLARED_SELECTOR = YES;
				GCC_WARN_UNINITIALIZED_AUTOS = YES_AGGRESSIVE;
				GCC_WARN_UNUSED_FUNCTION = YES;
				GCC_WARN_UNUSED_VARIABLE = YES;
				IPHONEOS_DEPLOYMENT_TARGET = 10.3;
				MTL_ENABLE_DEBUG_INFO = NO;
				SDKROOT = iphoneos;
				SWIFT_OPTIMIZATION_LEVEL = "-Owholemodule";
				TARGETED_DEVICE_FAMILY = "1,2";
				VALIDATE_PRODUCT = YES;
			};
			name = Release;
		};
		55C839291F31C9C70071F9B9 /* Debug */ = {
			isa = XCBuildConfiguration;
			buildSettings = {
				ASSETCATALOG_COMPILER_APPICON_NAME = AppIcon;
				INFOPLIST_FILE = Pickers/Info.plist;
				LD_RUNPATH_SEARCH_PATHS = "$(inherited) @executable_path/Frameworks";
				PRODUCT_BUNDLE_IDENTIFIER = com.initium.Pickers;
				PRODUCT_NAME = "$(TARGET_NAME)";
				SWIFT_VERSION = 3.0;
			};
			name = Debug;
		};
		55C8392A1F31C9C70071F9B9 /* Release */ = {
			isa = XCBuildConfiguration;
			buildSettings = {
				ASSETCATALOG_COMPILER_APPICON_NAME = AppIcon;
				INFOPLIST_FILE = Pickers/Info.plist;
				LD_RUNPATH_SEARCH_PATHS = "$(inherited) @executable_path/Frameworks";
				PRODUCT_BUNDLE_IDENTIFIER = com.initium.Pickers;
				PRODUCT_NAME = "$(TARGET_NAME)";
				SWIFT_VERSION = 3.0;
			};
			name = Release;
		};
		55C8392C1F31C9C70071F9B9 /* Debug */ = {
			isa = XCBuildConfiguration;
			buildSettings = {
				ALWAYS_EMBED_SWIFT_STANDARD_LIBRARIES = YES;
				INFOPLIST_FILE = PickersUITests/Info.plist;
				LD_RUNPATH_SEARCH_PATHS = "$(inherited) @executable_path/Frameworks @loader_path/Frameworks";
				PRODUCT_BUNDLE_IDENTIFIER = com.initium.PickersUITests;
				PRODUCT_NAME = "$(TARGET_NAME)";
				SWIFT_VERSION = 3.0;
				TEST_TARGET_NAME = Pickers;
			};
			name = Debug;
		};
		55C8392D1F31C9C70071F9B9 /* Release */ = {
			isa = XCBuildConfiguration;
			buildSettings = {
				ALWAYS_EMBED_SWIFT_STANDARD_LIBRARIES = YES;
				INFOPLIST_FILE = PickersUITests/Info.plist;
				LD_RUNPATH_SEARCH_PATHS = "$(inherited) @executable_path/Frameworks @loader_path/Frameworks";
				PRODUCT_BUNDLE_IDENTIFIER = com.initium.PickersUITests;
				PRODUCT_NAME = "$(TARGET_NAME)";
				SWIFT_VERSION = 3.0;
				TEST_TARGET_NAME = Pickers;
			};
			name = Release;
		};
/* End XCBuildConfiguration section */

/* Begin XCConfigurationList section */
		55C839061F31C9C70071F9B9 /* Build configuration list for PBXProject "Pickers" */ = {
			isa = XCConfigurationList;
			buildConfigurations = (
				55C839261F31C9C70071F9B9 /* Debug */,
				55C839271F31C9C70071F9B9 /* Release */,
			);
			defaultConfigurationIsVisible = 0;
			defaultConfigurationName = Release;
		};
		55C839281F31C9C70071F9B9 /* Build configuration list for PBXNativeTarget "Pickers" */ = {
			isa = XCConfigurationList;
			buildConfigurations = (
				55C839291F31C9C70071F9B9 /* Debug */,
				55C8392A1F31C9C70071F9B9 /* Release */,
			);
			defaultConfigurationIsVisible = 0;
		};
		55C8392B1F31C9C70071F9B9 /* Build configuration list for PBXNativeTarget "PickersUITests" */ = {
			isa = XCConfigurationList;
			buildConfigurations = (
				55C8392C1F31C9C70071F9B9 /* Debug */,
				55C8392D1F31C9C70071F9B9 /* Release */,
			);
			defaultConfigurationIsVisible = 0;
		};
/* End XCConfigurationList section */
	};
	rootObject = 55C839031F31C9C70071F9B9 /* Project object */;
}
